{
  "nodes": {
    "home-manager": {
      "inputs": {
        "nixpkgs": [
          "nixpkgs"
        ]
      },
      "locked": {
        "lastModified": 1787377438,
        "narHash": "sha256-Sxu1NLTD/Ern6hFGLlZmtKCSct3YQXZI/lls8RE1XeM=",
        "owner": "nix-community",
        "repo": "home-manager",
        "rev": "65258d5c65a250189fde2e35f490d15e064c4c62",
        "type": "github"
      },
      "original": {
        "owner": "nix-community",
        "ref": "release-26.05",
        "repo": "home-manager",
        "type": "github"
      }
    },
    "millennium": {
      "inputs": {
        "millennium-src": "millennium-src",
        "nixpkgs": [
          "nixpkgs"
        ]
      },
      "locked": {
        "dir": "packages/nix",
        "lastModified": 1788227373,
        "narHash": "sha256-0qrdhT+DMGAe+MnrJ4TN6dMpfqzNLJKy7lxb017qXM4=",
        "owner": "SteamClientHomebrew",
        "repo": "Millennium",
        "rev": "d0f88ac144265e5dad207c13c5b4fb0aaaac5134",
        "type": "github"
      },
      "original": {
        "dir": "packages/nix",
        "owner": "SteamClientHomebrew",
        "repo": "Millennium",
        "type": "github"
      }
    },
    "millennium-src": {
      "flake": false,
      "locked": {
        "lastModified": 1787082953,
        "narHash": "sha256-zgr4cdJfye4qunpD3ClNnZ9D1WPGQAXV0CnYwEbB52s=",
        "owner": "SteamClientHomebrew",
        "repo": "Millennium",
        "rev": "513b02e809b0eb120ecf0ae12e548798dd756323",
        "type": "github"
      },
      "original": {
        "owner": "SteamClientHomebrew",
        "repo": "Millennium",
        "rev": "513b02e809b0eb120ecf0ae12e548798dd756323",
        "type": "github"
      }
    },
    "nixpkgs": {
      "locked": {
        "lastModified": 1788187754,
        "narHash": "sha256-v5c4scCRMmrQEh3UDsKtnI9JTehKl0hTSYDMxe2G14k=",
        "rev": "5dfba6236110080a54247d6460bc2ff5dda939cc",
        "type": "tarball",
        "url": "https://releases.nixos.org/nixos/26.05/nixos-26.05.8772.5dfba6236110/nixexprs.tar.zst"
      },
      "original": {
        "type": "tarball",
        "url": "https://channels.nixos.org/nixos-26.05/nixexprs.tar.zst"
      }
    },
    "root": {
      "inputs": {
        "home-manager": "home-manager",
        "millennium": "millennium",
        "nixpkgs": "nixpkgs",
        "sops-nix": "sops-nix",
        "spicetify-nix": "spicetify-nix",
        "unstable": "unstable"
      }
    },
    "sops-nix": {
      "inputs": {
        "nixpkgs": [
          "nixpkgs"
        ]
      },
      "locked": {
        "lastModified": 1786629091,
        "narHash": "sha256-gkig4nPi1CWc4Z50GBsjE4ygSE7hMpl/TwID2an2Cck=",
        "owner": "Mic92",
        "repo": "sops-nix",
        "rev": "a8627b21b9107c5711c96b84f32a9a4b3d45295f",
        "type": "github"
      },
      "original": {
        "owner": "Mic92",
        "repo": "sops-nix",
        "type": "github"
      }
    },
    "spicetify-nix": {
      "inputs": {
        "nixpkgs": [
          "nixpkgs"
        ],
        "systems": "systems"
      },
      "locked": {
        "lastModified": 1788263070,
        "narHash": "sha256-Mw163zYcjr59hB2JMC1iKU1Y69SNKZ2r/haXZ07UWQY=",
        "owner": "Gerg-L",
        "repo": "spicetify-nix",
        "rev": "27ff19b00338052e8a504e1d1a34efad82c4bb26",
        "type": "github"
      },
      "original": {
        "owner": "Gerg-L",
        "repo": "spicetify-nix",
        "type": "github"
      }
    },
    "systems": {
      "locked": {
        "lastModified": 1681028828,
        "narHash": "sha256-Vy1rq5AaRuLzOxct8nz4T6wlgyUR7zLU309k9mBC768=",
        "owner": "nix-systems",
        "repo": "default",
        "rev": "da67096a3b9bf56a91d16901293e51ba5b49a27e",
        "type": "github"
      },
      "original": {
        "owner": "nix-systems",
        "repo": "default",
        "type": "github"
      }
    },
    "unstable": {
      "locked": {
        "lastModified": 1788179007,
        "narHash": "sha256-maQBa7XmWJ+a6te4QwF++R1FIXUrjvki0AtGOOhyZn0=",
        "rev": "34ab99075ac4f7e40cf037eef32cb1c360bb85e9",
        "type": "tarball",
        "url": "https://releases.nixos.org/nixos/unstable/nixos-26.11pre1064949.34ab99075ac4/nixexprs.tar.zst"
      },
      "original": {
        "type": "tarball",
        "url": "https://channels.nixos.org/nixos-unstable/nixexprs.tar.zst"
      }
    }
  },
  "root": "root",
  "version": 7
}
